// !$*UTF8*$!
{
	archiveVersion = 1;
	classes = {
	};
	objectVersion = 50;
	objects = {

/* Begin PBXBuildFile section */
		DBD3A61E2568B84F00D8BC81 /* AppDelegate.swift in Sources */ = {isa = PBXBuildFile; fileRef = DBD3A61D2568B84F00D8BC81 /* AppDelegate.swift */; };
		DBD3A6202568B84F00D8BC81 /* SceneDelegate.swift in Sources */ = {isa = PBXBuildFile; fileRef = DBD3A61F2568B84F00D8BC81 /* SceneDelegate.swift */; };
		DBD3A6222568B84F00D8BC81 /* ViewController.swift in Sources */ = {isa = PBXBuildFile; fileRef = DBD3A6212568B84F00D8BC81 /* ViewController.swift */; };
		DBD3A6252568B84F00D8BC81 /* Main.storyboard in Resources */ = {isa = PBXBuildFile; fileRef = DBD3A6232568B84F00D8BC81 /* Main.storyboard */; };
		DBD3A6272568B85500D8BC81 /* Assets.xcassets in Resources */ = {isa = PBXBuildFile; fileRef = DBD3A6262568B85500D8BC81 /* Assets.xcassets */; };
		DBD3A62A2568B85500D8BC81 /* LaunchScreen.storyboard in Resources */ = {isa = PBXBuildFile; fileRef = DBD3A6282568B85500D8BC81 /* LaunchScreen.storyboard */; };
		DBD3A6332568B89E00D8BC81 /* AudioFilePlayer.swift in Sources */ = {isa = PBXBuildFile; fileRef = DBD3A6322568B89E00D8BC81 /* AudioFilePlayer.swift */; };
		DBD3A6392568BA9800D8BC81 /* shine a little light.mp3 in Resources */ = {isa = PBXBuildFile; fileRef = DBD3A6382568BA9800D8BC81 /* shine a little light.mp3 */; };
/* End PBXBuildFile section */

/* Begin PBXFileReference section */
		DBD3A61A2568B84F00D8BC81 /* AudioEngineSample.app */ = {isa = PBXFileReference; explicitFileType = wrapper.application; includeInIndex = 0; path = AudioEngineSample.app; sourceTree = BUILT_PRODUCTS_DIR; };
		DBD3A61D2568B84F00D8BC81 /* AppDelegate.swift */ = {isa = PBXFileReference; lastKnownFileType = sourcecode.swift; path = AppDelegate.swift; sourceTree = "<group>"; };
		DBD3A61F2568B84F00D8BC81 /* SceneDelegate.swift */ = {isa = PBXFileReference; lastKnownFileType = sourcecode.swift; path = SceneDelegate.swift; sourceTree = "<group>"; };
		DBD3A6212568B84F00D8BC81 /* ViewController.swift */ = {isa = PBXFileReference; lastKnownFileType = sourcecode.swift; path = ViewController.swift; sourceTree = "<group>"; };
		DBD3A6242568B84F00D8BC81 /* Base */ = {isa = PBXFileReference; lastKnownFileType = file.storyboard; name = Base; path = Base.lproj/Main.storyboard; sourceTree = "<group>"; };
		DBD3A6262568B85500D8BC81 /* Assets.xcassets */ = {isa = PBXFileReference; lastKnownFileType = folder.assetcatalog; path = Assets.xcassets; sourceTree = "<group>"; };
		DBD3A6292568B85500D8BC81 /* Base */ = {isa = PBXFileReference; lastKnownFileType = file.storyboard; name = Base; path = Base.lproj/LaunchScreen.storyboard; sourceTree = "<group>"; };
		DBD3A62B2568B85500D8BC81 /* Info.plist */ = {isa = PBXFileReference; lastKnownFileType = text.plist.xml; path = Info.plist; sourceTree = "<group>"; };
		DBD3A6322568B89E00D8BC81 /* AudioFilePlayer.swift */ = {isa = PBXFileReference; lastKnownFileType = sourcecode.swift; path = AudioFilePlayer.swift; sourceTree = "<group>"; };
		DBD3A6382568BA9800D8BC81 /* shine a little light.mp3 */ = {isa = PBXFileReference; lastKnownFileType = audio.mp3; path = "shine a little light.mp3"; sourceTree = "<group>"; };
/* End PBXFileReference section */

/* Begin PBXFrameworksBuildPhase section */
		DBD3A6172568B84F00D8BC81 /* Frameworks */ = {
			isa = PBXFrameworksBuildPhase;
			buildActionMask = 2147483647;
			files = (
			);
			runOnlyForDeploymentPostprocessing = 0;
		};
/* End PBXFrameworksBuildPhase section */

/* Begin PBXGroup section */
		DBD3A6112568B84F00D8BC81 = {
			isa = PBXGroup;
			children = (
				DBD3A61C2568B84F00D8BC81 /* AudioEngineSample */,
				DBD3A61B2568B84F00D8BC81 /* Products */,
			);
			sourceTree = "<group>";
		};
		DBD3A61B2568B84F00D8BC81 /* Products */ = {
			isa = PBXGroup;
			children = (
				DBD3A61A2568B84F00D8BC81 /* AudioEngineSample.app */,
			);
			name = Products;
			sourceTree = "<group>";
		};
		DBD3A61C2568B84F00D8BC81 /* AudioEngineSample */ = {
			isa = PBXGroup;
			children = (
				DBD3A61D2568B84F00D8BC81 /* AppDelegate.swift */,
				DBD3A61F2568B84F00D8BC81 /* SceneDelegate.swift */,
				DBD3A6212568B84F00D8BC81 /* ViewController.swift */,
				DBD3A6232568B84F00D8BC81 /* Main.storyboard */,
				DBD3A6262568B85500D8BC81 /* Assets.xcassets */,
				DBD3A6282568B85500D8BC81 /* LaunchScreen.storyboard */,
				DBD3A62B2568B85500D8BC81 /* Info.plist */,
				DBD3A6322568B89E00D8BC81 /* AudioFilePlayer.swift */,
				DBD3A6382568BA9800D8BC81 /* shine a little light.mp3 */,
			);
			path = AudioEngineSample;
			sourceTree = "<group>";
		};
/* End PBXGroup section */

/* Begin PBXNativeTarget section */
		DBD3A6192568B84F00D8BC81 /* AudioEngineSample */ = {
			isa = PBXNativeTarget;
			buildConfigurationList = DBD3A62E2568B85500D8BC81 /* Build configuration list for PBXNativeTarget "AudioEngineSample" */;
			buildPhases = (
				DBD3A6162568B84F00D8BC81 /* Sources */,
				DBD3A6172568B84F00D8BC81 /* Frameworks */,
				DBD3A6182568B84F00D8BC81 /* Resources */,
			);
			buildRules = (
			);
			dependencies = (
			);
			name = AudioEngineSample;
			productName = AudioEngineSample;
			productReference = DBD3A61A2568B84F00D8BC81 /* AudioEngineSample.app */;
			productType = "com.apple.product-type.application";
		};
/* End PBXNativeTarget section */

/* Begin PBXProject section */
		DBD3A6122568B84F00D8BC81 /* Project object */ = {
			isa = PBXProject;
			attributes = {
				LastSwiftUpdateCheck = 1220;
				LastUpgradeCheck = 1220;
				TargetAttributes = {
					DBD3A6192568B84F00D8BC81 = {
						CreatedOnToolsVersion = 12.2;
					};
				};
			};
			buildConfigurationList = DBD3A6152568B84F00D8BC81 /* Build configuration list for PBXProject "AudioEngineSample" */;
			compatibilityVersion = "Xcode 9.3";
			developmentRegion = en;
			hasScannedForEncodings = 0;
			knownRegions = (
				en,
				Base,
			);
			mainGroup = DBD3A6112568B84F00D8BC81;
			productRefGroup = DBD3A61B2568B84F00D8BC81 /* Products */;
			projectDirPath = "";
			projectRoot = "";
			targets = (
				DBD3A6192568B84F00D8BC81 /* AudioEngineSample */,
			);
		};
/* End PBXProject section */

/* Begin PBXResourcesBuildPhase section */
		DBD3A6182568B84F00D8BC81 /* Resources */ = {
			isa = PBXResourcesBuildPhase;
			buildActionMask = 2147483647;
			files = (
				DBD3A6392568BA9800D8BC81 /* shine a little light.mp3 in Resources */,
				DBD3A62A2568B85500D8BC81 /* LaunchScreen.storyboard in Resources */,
				DBD3A6272568B85500D8BC81 /* Assets.xcassets in Resources */,
				DBD3A6252568B84F00D8BC81 /* Main.storyboard in Resources */,
			);
			runOnlyForDeploymentPostprocessing = 0;
		};
/* End PBXResourcesBuildPhase section */

/* Begin PBXSourcesBuildPhase section */
		DBD3A6162568B84F00D8BC81 /* Sources */ = {
			isa = PBXSourcesBuildPhase;
			buildActionMask = 2147483647;
			files = (
				DBD3A6222568B84F00D8BC81 /* ViewController.swift in Sources */,
				DBD3A61E2568B84F00D8BC81 /* AppDelegate.swift in Sources */,
				DBD3A6202568B84F00D8BC81 /* SceneDelegate.swift in Sources */,
				DBD3A6332568B89E00D8BC81 /* AudioFilePlayer.swift in Sources */,
			);
			runOnlyForDeploymentPostprocessing = 0;
		};
/* End PBXSourcesBuildPhase section */

/* Begin PBXVariantGroup section */
		DBD3A6232568B84F00D8BC81 /* Main.storyboard */ = {
			isa = PBXVariantGroup;
			children = (
				DBD3A6242568B84F00D8BC81 /* Base */,
			);
			name = Main.storyboard;
			sourceTree = "<group>";
		};
		DBD3A6282568B85500D8BC81 /* LaunchScreen.storyboard */ = {
			isa = PBXVariantGroup;
			children = (
				DBD3A6292568B85500D8BC81 /* Base */,
			);
			name = LaunchScreen.storyboard;
			sourceTree = "<group>";
		};
/* End PBXVariantGroup section */

/* Begin XCBuildConfiguration section */
		DBD3A62C2568B85500D8BC81 /* Debug */ = {
			isa = XCBuildConfiguration;
			buildSettings = {
				ALWAYS_SEARCH_USER_PATHS = NO;
				CLANG_ANALYZER_NONNULL = YES;
				CLANG_ANALYZER_NUMBER_OBJECT_CONVERSION = YES_AGGRESSIVE;
				CLANG_CXX_LANGUAGE_STANDARD = "gnu++14";
				CLANG_CXX_LIBRARY = "libc++";
				CLANG_ENABLE_MODULES = YES;
				CLANG_ENABLE_OBJC_ARC = YES;
				CLANG_ENABLE_OBJC_WEAK = YES;
				CLANG_WARN_BLOCK_CAPTURE_AUTORELEASING = YES;
				CLANG_WARN_BOOL_CONVERSION = YES;
				CLANG_WARN_COMMA = YES;
				CLANG_WARN_CONSTANT_CONVERSION = YES;
				CLANG_WARN_DEPRECATED_OBJC_IMPLEMENTATIONS = YES;
				CLANG_WARN_DIRECT_OBJC_ISA_USAGE = YES_ERROR;
				CLANG_WARN_DOCUMENTATION_COMMENTS = YES;
				CLANG_WARN_EMPTY_BODY = YES;
				CLANG_WARN_ENUM_CONVERSION = YES;
				CLANG_WARN_INFINITE_RECURSION = YES;
				CLANG_WARN_INT_CONVERSION = YES;
				CLANG_WARN_NON_LITERAL_NULL_CONVERSION = YES;
				CLANG_WARN_OBJC_IMPLICIT_RETAIN_SELF = YES;
				CLANG_WARN_OBJC_LITERAL_CONVERSION = YES;
				CLANG_WARN_OBJC_ROOT_CLASS = YES_ERROR;
				CLANG_WARN_QUOTED_INCLUDE_IN_FRAMEWORK_HEADER = YES;
				CLANG_WARN_RANGE_LOOP_ANALYSIS = YES;
				CLANG_WARN_STRICT_PROTOTYPES = YES;
				CLANG_WARN_SUSPICIOUS_MOVE = YES;
				CLANG_WARN_UNGUARDED_AVAILABILITY = YES_AGGRESSIVE;
				CLANG_WARN_UNREACHABLE_CODE = YES;
				CLANG_WARN__DUPLICATE_METHOD_MATCH = YES;
				COPY_PHASE_STRIP = NO;
				DEBUG_INFORMATION_FORMAT = dwarf;
				ENABLE_STRICT_OBJC_MSGSEND = YES;
				ENABLE_TESTABILITY = YES;
				GCC_C_LANGUAGE_STANDARD = gnu11;
				GCC_DYNAMIC_NO_PIC = NO;
				GCC_NO_COMMON_BLOCKS = YES;
				GCC_OPTIMIZATION_LEVEL = 0;
				GCC_PREPROCESSOR_DEFINITIONS = (
					"DEBUG=1",
					"$(inherited)",
				);
				GCC_WARN_64_TO_32_BIT_CONVERSION = YES;
				GCC_WARN_ABOUT_RETURN_TYPE = YES_ERROR;
				GCC_WARN_UNDECLARED_SELECTOR = YES;
				GCC_WARN_UNINITIALIZED_AUTOS = YES_AGGRESSIVE;
				GCC_WARN_UNUSED_FUNCTION = YES;
				GCC_WARN_UNUSED_VARIABLE = YES;
				IPHONEOS_DEPLOYMENT_TARGET = 14.2;
				MTL_ENABLE_DEBUG_INFO = INCLUDE_SOURCE;
				MTL_FAST_MATH = YES;
				ONLY_ACTIVE_ARCH = YES;
				SDKROOT = iphoneos;
				SWIFT_ACTIVE_COMPILATION_CONDITIONS = DEBUG;
				SWIFT_OPTIMIZATION_LEVEL = "-Onone";
			};
			name = Debug;
		};
		DBD3A62D2568B85500D8BC81 /* Release */ = {
			isa = XCBuildConfiguration;
			buildSettings = {
				ALWAYS_SEARCH_USER_PATHS = NO;
				CLANG_ANALYZER_NONNULL = YES;
				CLANG_ANALYZER_NUMBER_OBJECT_CONVERSION = YES_AGGRESSIVE;
				CLANG_CXX_LANGUAGE_STANDARD = "gnu++14";
				CLANG_CXX_LIBRARY = "libc++";
				CLANG_ENABLE_MODULES = YES;
				CLANG_ENABLE_OBJC_ARC = YES;
				CLANG_ENABLE_OBJC_WEAK = YES;
				CLANG_WARN_BLOCK_CAPTURE_AUTORELEASING = YES;
				CLANG_WARN_BOOL_CONVERSION = YES;
				CLANG_WARN_COMMA = YES;
				CLANG_WARN_CONSTANT_CONVERSION = YES;
				CLANG_WARN_DEPRECATED_OBJC_IMPLEMENTATIONS = YES;
				CLANG_WARN_DIRECT_OBJC_ISA_USAGE = YES_ERROR;
				CLANG_WARN_DOCUMENTATION_COMMENTS = YES;
				CLANG_WARN_EMPTY_BODY = YES;
				CLANG_WARN_ENUM_CONVERSION = YES;
				CLANG_WARN_INFINITE_RECURSION = YES;
				CLANG_WARN_INT_CONVERSION = YES;
				CLANG_WARN_NON_LITERAL_NULL_CONVERSION = YES;
				CLANG_WARN_OBJC_IMPLICIT_RETAIN_SELF = YES;
				CLANG_WARN_OBJC_LITERAL_CONVERSION = YES;
				CLANG_WARN_OBJC_ROOT_CLASS = YES_ERROR;
				CLANG_WARN_QUOTED_INCLUDE_IN_FRAMEWORK_HEADER = YES;
				CLANG_WARN_RANGE_LOOP_ANALYSIS = YES;
				CLANG_WARN_STRICT_PROTOTYPES = YES;
				CLANG_WARN_SUSPICIOUS_MOVE = YES;
				CLANG_WARN_UNGUARDED_AVAILABILITY = YES_AGGRESSIVE;
				CLANG_WARN_UNREACHABLE_CODE = YES;
				CLANG_WARN__DUPLICATE_METHOD_MATCH = YES;
				COPY_PHASE_STRIP = NO;
				DEBUG_INFORMATION_FORMAT = "dwarf-with-dsym";
				ENABLE_NS_ASSERTIONS = NO;
				ENABLE_STRICT_OBJC_MSGSEND = YES;
				GCC_C_LANGUAGE_STANDARD = gnu11;
				GCC_NO_COMMON_BLOCKS = YES;
				GCC_WARN_64_TO_32_BIT_CONVERSION = YES;
				GCC_WARN_ABOUT_RETURN_TYPE = YES_ERROR;
				GCC_WARN_UNDECLARED_SELECTOR = YES;
				GCC_WARN_UNINITIALIZED_AUTOS = YES_AGGRESSIVE;
				GCC_WARN_UNUSED_FUNCTION = YES;
				GCC_WARN_UNUSED_VARIABLE = YES;
				IPHONEOS_DEPLOYMENT_TARGET = 14.2;
				MTL_ENABLE_DEBUG_INFO = NO;
				MTL_FAST_MATH = YES;
				SDKROOT = iphoneos;
				SWIFT_COMPILATION_MODE = wholemodule;
				SWIFT_OPTIMIZATION_LEVEL = "-O";
				VALIDATE_PRODUCT = YES;
			};
			name = Release;
		};
		DBD3A62F2568B85500D8BC81 /* Debug */ = {
			isa = XCBuildConfiguration;
			buildSettings = {
				ASSETCATALOG_COMPILER_APPICON_NAME = AppIcon;
				ASSETCATALOG_COMPILER_GLOBAL_ACCENT_COLOR_NAME = AccentColor;
				CODE_SIGN_STYLE = Automatic;
				DEVELOPMENT_TEAM = GLU3E32MU5;
				INFOPLIST_FILE = AudioEngineSample/Info.plist;
				LD_RUNPATH_SEARCH_PATHS = (
					"$(inherited)",
					"@executable_path/Frameworks",
				);
				PRODUCT_BUNDLE_IDENTIFIER = recordtronic.com.AudioEngineSample;
				PRODUCT_NAME = "$(TARGET_NAME)";
				SWIFT_VERSION = 5.0;
				TARGETED_DEVICE_FAMILY = "1,2";
			};
			name = Debug;
		};
		DBD3A6302568B85500D8BC81 /* Release */ = {
			isa = XCBuildConfiguration;
			buildSettings = {
				ASSETCATALOG_COMPILER_APPICON_NAME = AppIcon;
				ASSETCATALOG_COMPILER_GLOBAL_ACCENT_COLOR_NAME = AccentColor;
				CODE_SIGN_STYLE = Automatic;
				DEVELOPMENT_TEAM = GLU3E32MU5;
				INFOPLIST_FILE = AudioEngineSample/Info.plist;
				LD_RUNPATH_SEARCH_PATHS = (
					"$(inherited)",
					"@executable_path/Frameworks",
				);
				PRODUCT_BUNDLE_IDENTIFIER = recordtronic.com.AudioEngineSample;
				PRODUCT_NAME = "$(TARGET_NAME)";
				SWIFT_VERSION = 5.0;
				TARGETED_DEVICE_FAMILY = "1,2";
			};
			name = Release;
		};
/* End XCBuildConfiguration section */

/* Begin XCConfigurationList section */
		DBD3A6152568B84F00D8BC81 /* Build configuration list for PBXProject "AudioEngineSample" */ = {
			isa = XCConfigurationList;
			buildConfigurations = (
				DBD3A62C2568B85500D8BC81 /* Debug */,
				DBD3A62D2568B85500D8BC81 /* Release */,
			);
			defaultConfigurationIsVisible = 0;
			defaultConfigurationName = Release;
		};
		DBD3A62E2568B85500D8BC81 /* Build configuration list for PBXNativeTarget "AudioEngineSample" */ = {
			isa = XCConfigurationList;
			buildConfigurations = (
				DBD3A62F2568B85500D8BC81 /* Debug */,
				DBD3A6302568B85500D8BC81 /* Release */,
			);
			defaultConfigurationIsVisible = 0;
			defaultConfigurationName = Release;
		};
/* End XCConfigurationList section */
	};
	rootObject = DBD3A6122568B84F00D8BC81 /* Project object */;
}
